{
  "name": "ajs-platforms_2",
  "version": "1.0.0",
  "lockfileVersion": 1,
  "requires": true,
  "dependencies": {
    "@pandapod/ajs-platforms": {
      "version": "1.0.0",
      "resolved": "https://npm.pkg.github.com/download/@pandapod/ajs-platforms/1.0.0/b65dac73bbf8fbcf48028a215b187e95968d941efe034bb5a2ceb5adb428e471",
      "integrity": "sha1-vmsjUv20MmnAuKMzDWtG573ux98="
    }
  }
}
